
Microsoft Visual Studio Solution File, Format Version 12.00
# Visual Studio 14
VisualStudioVersion = 14.0.25420.1
MinimumVisualStudioVersion = 10.0.40219.1
Project("{2150E333-8FDC-42A3-9474-1A3956D46DE8}") = "src", "src", "{DA362BE2-5BBC-4536-A758-97ACAF31EBC0}"
EndProject
Project("{8BB2217D-0F2D-49D1-97BC-3654ED321F3B}") = "TodoApp.Api", "TodoApp.Api\TodoApp.Api.xproj", "{76EE1C44-CACE-4264-9043-AAA594C57B1A}"
EndProject
Project("{8BB2217D-0F2D-49D1-97BC-3654ED321F3B}") = "TodoApp.Data", "TodoApp.Data\TodoApp.Data.xproj", "{8F565745-9328-4412-8C93-B49B36B3AAB5}"
EndProject
Project("{8BB2217D-0F2D-49D1-97BC-3654ED321F3B}") = "TodoApp.Domain", "TodoApp.Domain\TodoApp.Domain.xproj", "{49D00E82-6937-4649-80B7-2C7B13D11DCF}"
EndProject
Project("{8BB2217D-0F2D-49D1-97BC-3654ED321F3B}") = "TodoApp.Service", "TodoApp.Service\TodoApp.Service.xproj", "{D0558310-1933-4707-A925-EA153E0063AC}"
EndProject
Project("{8BB2217D-0F2D-49D1-97BC-3654ED321F3B}") = "TodoApp.Test", "TodoApp.Test\TodoApp.Test.xproj", "{4CC1C90F-B576-4034-94B0-63E338A49930}"
EndProject
Project("{8BB2217D-0F2D-49D1-97BC-3654ED321F3B}") = "TodoApp.Infra.CrossCutting", "TodoApp.Infra.CrossCutting\TodoApp.Infra.CrossCutting.xproj", "{E9FFAA10-6865-4CF4-A937-B1F4F9246EB3}"
EndProject
Project("{00D1A9C2-B5F0-4AF3-8072-F6C62B433612}") = "TodoApp.Infra.Database", "TodoApp.Infra.Database\TodoApp.Infra.Database.sqlproj", "{9DFE5586-113F-4FAB-99E1-592875BEA458}"
EndProject
Global
	GlobalSection(SolutionConfigurationPlatforms) = preSolution
		Debug|Any CPU = Debug|Any CPU
		Release|Any CPU = Release|Any CPU
	EndGlobalSection
	GlobalSection(ProjectConfigurationPlatforms) = postSolution
		{76EE1C44-CACE-4264-9043-AAA594C57B1A}.Debug|Any CPU.ActiveCfg = Debug|Any CPU
		{76EE1C44-CACE-4264-9043-AAA594C57B1A}.Debug|Any CPU.Build.0 = Debug|Any CPU
		{76EE1C44-CACE-4264-9043-AAA594C57B1A}.Release|Any CPU.ActiveCfg = Release|Any CPU
		{76EE1C44-CACE-4264-9043-AAA594C57B1A}.Release|Any CPU.Build.0 = Release|Any CPU
		{8F565745-9328-4412-8C93-B49B36B3AAB5}.Debug|Any CPU.ActiveCfg = Debug|Any CPU
		{8F565745-9328-4412-8C93-B49B36B3AAB5}.Debug|Any CPU.Build.0 = Debug|Any CPU
		{8F565745-9328-4412-8C93-B49B36B3AAB5}.Release|Any CPU.ActiveCfg = Release|Any CPU
		{8F565745-9328-4412-8C93-B49B36B3AAB5}.Release|Any CPU.Build.0 = Release|Any CPU
		{49D00E82-6937-4649-80B7-2C7B13D11DCF}.Debug|Any CPU.ActiveCfg = Debug|Any CPU
		{49D00E82-6937-4649-80B7-2C7B13D11DCF}.Debug|Any CPU.Build.0 = Debug|Any CPU
		{49D00E82-6937-4649-80B7-2C7B13D11DCF}.Release|Any CPU.ActiveCfg = Release|Any CPU
		{49D00E82-6937-4649-80B7-2C7B13D11DCF}.Release|Any CPU.Build.0 = Release|Any CPU
		{D0558310-1933-4707-A925-EA153E0063AC}.Debug|Any CPU.ActiveCfg = Debug|Any CPU
		{D0558310-1933-4707-A925-EA153E0063AC}.Debug|Any CPU.Build.0 = Debug|Any CPU
		{D0558310-1933-4707-A925-EA153E0063AC}.Release|Any CPU.ActiveCfg = Release|Any CPU
		{D0558310-1933-4707-A925-EA153E0063AC}.Release|Any CPU.Build.0 = Release|Any CPU
		{4CC1C90F-B576-4034-94B0-63E338A49930}.Debug|Any CPU.ActiveCfg = Debug|Any CPU
		{4CC1C90F-B576-4034-94B0-63E338A49930}.Debug|Any CPU.Build.0 = Debug|Any CPU
		{4CC1C90F-B576-4034-94B0-63E338A49930}.Release|Any CPU.ActiveCfg = Release|Any CPU
		{4CC1C90F-B576-4034-94B0-63E338A49930}.Release|Any CPU.Build.0 = Release|Any CPU
		{E9FFAA10-6865-4CF4-A937-B1F4F9246EB3}.Debug|Any CPU.ActiveCfg = Debug|Any CPU
		{E9FFAA10-6865-4CF4-A937-B1F4F9246EB3}.Debug|Any CPU.Build.0 = Debug|Any CPU
		{E9FFAA10-6865-4CF4-A937-B1F4F9246EB3}.Release|Any CPU.ActiveCfg = Release|Any CPU
		{E9FFAA10-6865-4CF4-A937-B1F4F9246EB3}.Release|Any CPU.Build.0 = Release|Any CPU
		{9DFE5586-113F-4FAB-99E1-592875BEA458}.Debug|Any CPU.ActiveCfg = Debug|Any CPU
		{9DFE5586-113F-4FAB-99E1-592875BEA458}.Debug|Any CPU.Build.0 = Debug|Any CPU
		{9DFE5586-113F-4FAB-99E1-592875BEA458}.Debug|Any CPU.Deploy.0 = Debug|Any CPU
		{9DFE5586-113F-4FAB-99E1-592875BEA458}.Release|Any CPU.ActiveCfg = Release|Any CPU
		{9DFE5586-113F-4FAB-99E1-592875BEA458}.Release|Any CPU.Build.0 = Release|Any CPU
		{9DFE5586-113F-4FAB-99E1-592875BEA458}.Release|Any CPU.Deploy.0 = Release|Any CPU
	EndGlobalSection
	GlobalSection(SolutionProperties) = preSolution
		HideSolutionNode = FALSE
	EndGlobalSection
	GlobalSection(NestedProjects) = preSolution
		{76EE1C44-CACE-4264-9043-AAA594C57B1A} = {DA362BE2-5BBC-4536-A758-97ACAF31EBC0}
		{8F565745-9328-4412-8C93-B49B36B3AAB5} = {DA362BE2-5BBC-4536-A758-97ACAF31EBC0}
		{49D00E82-6937-4649-80B7-2C7B13D11DCF} = {DA362BE2-5BBC-4536-A758-97ACAF31EBC0}
		{D0558310-1933-4707-A925-EA153E0063AC} = {DA362BE2-5BBC-4536-A758-97ACAF31EBC0}
		{4CC1C90F-B576-4034-94B0-63E338A49930} = {DA362BE2-5BBC-4536-A758-97ACAF31EBC0}
		{E9FFAA10-6865-4CF4-A937-B1F4F9246EB3} = {DA362BE2-5BBC-4536-A758-97ACAF31EBC0}
		{9DFE5586-113F-4FAB-99E1-592875BEA458} = {DA362BE2-5BBC-4536-A758-97ACAF31EBC0}
	EndGlobalSection
EndGlobal
